
Microsoft Visual Studio Solution File, Format Version 12.00
# Visual Studio Version 16
VisualStudioVersion = 16.0.29326.143
MinimumVisualStudioVersion = 10.0.40219.1
Project("{FAE04EC0-301F-11D3-BF4B-00C04F79EFBC}") = "Consumer", "Torta\Consumer.csproj", "{8D1DE73B-7F74-4B72-B502-51C34D625A08}"
EndProject
Project("{FAE04EC0-301F-11D3-BF4B-00C04F79EFBC}") = "Lib_torte", "Lib_torte\Lib_torte.csproj", "{10317A64-FB9D-411E-A607-87AE5488CDFF}"
EndProject
Global
	GlobalSection(SolutionConfigurationPlatforms) = preSolution
		Debug|Any CPU = Debug|Any CPU
		Release|Any CPU = Release|Any CPU
	EndGlobalSection
	GlobalSection(ProjectConfigurationPlatforms) = postSolution
		{8D1DE73B-7F74-4B72-B502-51C34D625A08}.Debug|Any CPU.ActiveCfg = Debug|Any CPU
		{8D1DE73B-7F74-4B72-B502-51C34D625A08}.Debug|Any CPU.Build.0 = Debug|Any CPU
		{8D1DE73B-7F74-4B72-B502-51C34D625A08}.Release|Any CPU.ActiveCfg = Release|Any CPU
		{8D1DE73B-7F74-4B72-B502-51C34D625A08}.Release|Any CPU.Build.0 = Release|Any CPU
		{10317A64-FB9D-411E-A607-87AE5488CDFF}.Debug|Any CPU.ActiveCfg = Debug|Any CPU
		{10317A64-FB9D-411E-A607-87AE5488CDFF}.Debug|Any CPU.Build.0 = Debug|Any CPU
		{10317A64-FB9D-411E-A607-87AE5488CDFF}.Release|Any CPU.ActiveCfg = Release|Any CPU
		{10317A64-FB9D-411E-A607-87AE5488CDFF}.Release|Any CPU.Build.0 = Release|Any CPU
	EndGlobalSection
	GlobalSection(SolutionProperties) = preSolution
		HideSolutionNode = FALSE
	EndGlobalSection
	GlobalSection(ExtensibilityGlobals) = postSolution
		SolutionGuid = {52EBB721-C4FD-4195-B6F7-E4E7B6F05B5D}
	EndGlobalSection
EndGlobal
